
Microsoft Visual Studio Solution File, Format Version 12.00
# Visual Studio Version 17
VisualStudioVersion = 17.14.36203.30
MinimumVisualStudioVersion = 10.0.40219.1
Project("{2150E333-8FDC-42A3-9474-1A3956D46DE8}") = "src", "src", "{02EA681E-C7D8-13C7-8484-4AC65E1B71E8}"
EndProject
Project("{FAE04EC0-301F-11D3-BF4B-00C04F79EFBC}") = "BrowserHost", "BrowserHost\BrowserHost.csproj", "{26B2BC2F-172D-726F-7A6C-D231880DF1F2}"
EndProject
Project("{2150E333-8FDC-42A3-9474-1A3956D46DE8}") = "Solution Items", "Solution Items", "{4447B3FE-7EE7-4746-8F19-C58D4E78BA8F}"
	ProjectSection(SolutionItems) = preProject
		.editorconfig = .editorconfig
	EndProjectSection
EndProject
Global
	GlobalSection(SolutionConfigurationPlatforms) = preSolution
		Debug|x64 = Debug|x64
		Release|x64 = Release|x64
	EndGlobalSection
	GlobalSection(ProjectConfigurationPlatforms) = postSolution
		{26B2BC2F-172D-726F-7A6C-D231880DF1F2}.Debug|x64.ActiveCfg = Debug|x64
		{26B2BC2F-172D-726F-7A6C-D231880DF1F2}.Debug|x64.Build.0 = Debug|x64
		{26B2BC2F-172D-726F-7A6C-D231880DF1F2}.Release|x64.ActiveCfg = Release|x64
		{26B2BC2F-172D-726F-7A6C-D231880DF1F2}.Release|x64.Build.0 = Release|x64
	EndGlobalSection
	GlobalSection(SolutionProperties) = preSolution
		HideSolutionNode = FALSE
	EndGlobalSection
	GlobalSection(NestedProjects) = preSolution
		{26B2BC2F-172D-726F-7A6C-D231880DF1F2} = {02EA681E-C7D8-13C7-8484-4AC65E1B71E8}
	EndGlobalSection
	GlobalSection(ExtensibilityGlobals) = postSolution
		SolutionGuid = {E8F5F3B1-92AE-4756-9107-83DB7A2F0230}
	EndGlobalSection
EndGlobal
